
Microsoft Visual Studio Solution File, Format Version 12.00
# Visual Studio 2013
VisualStudioVersion = 12.0.30501.0
MinimumVisualStudioVersion = 10.0.40219.1
Project("{2150E333-8FDC-42A3-9474-1A3956D46DE8}") = "Shared", "Shared", "{7BBCB38D-F3DE-4AF4-8621-5249A3434D85}"
EndProject
Project("{FAE04EC0-301F-11D3-BF4B-00C04F79EFBC}") = "BudgetManager.Models", "Shared\BudgetManager.Models\BudgetManager.Models.csproj", "{E8F496F1-5DF0-4C42-8AA2-2EC3EFBA93DC}"
EndProject
Project("{FAE04EC0-301F-11D3-BF4B-00C04F79EFBC}") = "BudgetManager.Resources", "Shared\BudgetManager.Resources\BudgetManager.Resources.csproj", "{DFB7021E-233E-4563-BF2D-7A96EF30E8B0}"
EndProject
Project("{FAE04EC0-301F-11D3-BF4B-00C04F79EFBC}") = "BudgetManager.Shared", "Shared\BudgetManager.Shared\BudgetManager.Shared.csproj", "{D4A26B80-5D08-4DCF-8EB7-20A6FB0478D4}"
EndProject
Project("{FAE04EC0-301F-11D3-BF4B-00C04F79EFBC}") = "BudgetManager.Core", "Shared\BudgetManager.Core\BudgetManager.Core.csproj", "{C120AA82-DCE0-4C43-8AD5-4E791814AB41}"
EndProject
Project("{2150E333-8FDC-42A3-9474-1A3956D46DE8}") = "Windows", "Windows", "{7C169A1A-58D4-43DA-8445-9901921C6E97}"
EndProject
Project("{2150E333-8FDC-42A3-9474-1A3956D46DE8}") = "WindowsPhone", "WindowsPhone", "{2AF06A63-F61C-4B69-AAE7-D6E8523ABF5F}"
EndProject
Project("{FAE04EC0-301F-11D3-BF4B-00C04F79EFBC}") = "BudgetManager.WindowsPhone", "WindowsPhone\BudgetManager.WindowsPhone\BudgetManager.WindowsPhone.csproj", "{E0F530B2-44B9-4EED-8CFD-1019EE86D475}"
EndProject
Project("{FAE04EC0-301F-11D3-BF4B-00C04F79EFBC}") = "BudgetManager.DAL", "Shared\BudgetManager.DAL\BudgetManager.DAL.csproj", "{60B66BF6-BDD3-45F8-8821-02F844CE44C1}"
EndProject
Project("{FAE04EC0-301F-11D3-BF4B-00C04F79EFBC}") = "BudgetManager.WindowsBudget", "Windows\BudgetManager.WindowsBudget\BudgetManager.WindowsBudget.csproj", "{A0D1CE26-A17B-4FDC-A10F-AC6FA27460B2}"
EndProject
Global
	GlobalSection(SolutionConfigurationPlatforms) = preSolution
		Debug|Any CPU = Debug|Any CPU
		Debug|ARM = Debug|ARM
		Debug|x64 = Debug|x64
		Debug|x86 = Debug|x86
		Release|Any CPU = Release|Any CPU
		Release|ARM = Release|ARM
		Release|x64 = Release|x64
		Release|x86 = Release|x86
	EndGlobalSection
	GlobalSection(ProjectConfigurationPlatforms) = postSolution
		{E8F496F1-5DF0-4C42-8AA2-2EC3EFBA93DC}.Debug|Any CPU.ActiveCfg = Debug|Any CPU
		{E8F496F1-5DF0-4C42-8AA2-2EC3EFBA93DC}.Debug|Any CPU.Build.0 = Debug|Any CPU
		{E8F496F1-5DF0-4C42-8AA2-2EC3EFBA93DC}.Debug|ARM.ActiveCfg = Debug|Any CPU
		{E8F496F1-5DF0-4C42-8AA2-2EC3EFBA93DC}.Debug|x64.ActiveCfg = Debug|Any CPU
		{E8F496F1-5DF0-4C42-8AA2-2EC3EFBA93DC}.Debug|x86.ActiveCfg = Debug|Any CPU
		{E8F496F1-5DF0-4C42-8AA2-2EC3EFBA93DC}.Release|Any CPU.ActiveCfg = Release|Any CPU
		{E8F496F1-5DF0-4C42-8AA2-2EC3EFBA93DC}.Release|Any CPU.Build.0 = Release|Any CPU
		{E8F496F1-5DF0-4C42-8AA2-2EC3EFBA93DC}.Release|ARM.ActiveCfg = Release|Any CPU
		{E8F496F1-5DF0-4C42-8AA2-2EC3EFBA93DC}.Release|x64.ActiveCfg = Release|Any CPU
		{E8F496F1-5DF0-4C42-8AA2-2EC3EFBA93DC}.Release|x86.ActiveCfg = Release|Any CPU
		{DFB7021E-233E-4563-BF2D-7A96EF30E8B0}.Debug|Any CPU.ActiveCfg = Debug|Any CPU
		{DFB7021E-233E-4563-BF2D-7A96EF30E8B0}.Debug|Any CPU.Build.0 = Debug|Any CPU
		{DFB7021E-233E-4563-BF2D-7A96EF30E8B0}.Debug|ARM.ActiveCfg = Debug|Any CPU
		{DFB7021E-233E-4563-BF2D-7A96EF30E8B0}.Debug|x64.ActiveCfg = Debug|Any CPU
		{DFB7021E-233E-4563-BF2D-7A96EF30E8B0}.Debug|x86.ActiveCfg = Debug|Any CPU
		{DFB7021E-233E-4563-BF2D-7A96EF30E8B0}.Release|Any CPU.ActiveCfg = Release|Any CPU
		{DFB7021E-233E-4563-BF2D-7A96EF30E8B0}.Release|Any CPU.Build.0 = Release|Any CPU
		{DFB7021E-233E-4563-BF2D-7A96EF30E8B0}.Release|ARM.ActiveCfg = Release|Any CPU
		{DFB7021E-233E-4563-BF2D-7A96EF30E8B0}.Release|x64.ActiveCfg = Release|Any CPU
		{DFB7021E-233E-4563-BF2D-7A96EF30E8B0}.Release|x86.ActiveCfg = Release|Any CPU
		{D4A26B80-5D08-4DCF-8EB7-20A6FB0478D4}.Debug|Any CPU.ActiveCfg = Debug|Any CPU
		{D4A26B80-5D08-4DCF-8EB7-20A6FB0478D4}.Debug|Any CPU.Build.0 = Debug|Any CPU
		{D4A26B80-5D08-4DCF-8EB7-20A6FB0478D4}.Debug|ARM.ActiveCfg = Debug|Any CPU
		{D4A26B80-5D08-4DCF-8EB7-20A6FB0478D4}.Debug|x64.ActiveCfg = Debug|Any CPU
		{D4A26B80-5D08-4DCF-8EB7-20A6FB0478D4}.Debug|x86.ActiveCfg = Debug|Any CPU
		{D4A26B80-5D08-4DCF-8EB7-20A6FB0478D4}.Release|Any CPU.ActiveCfg = Release|Any CPU
		{D4A26B80-5D08-4DCF-8EB7-20A6FB0478D4}.Release|Any CPU.Build.0 = Release|Any CPU
		{D4A26B80-5D08-4DCF-8EB7-20A6FB0478D4}.Release|ARM.ActiveCfg = Release|Any CPU
		{D4A26B80-5D08-4DCF-8EB7-20A6FB0478D4}.Release|x64.ActiveCfg = Release|Any CPU
		{D4A26B80-5D08-4DCF-8EB7-20A6FB0478D4}.Release|x86.ActiveCfg = Release|Any CPU
		{C120AA82-DCE0-4C43-8AD5-4E791814AB41}.Debug|Any CPU.ActiveCfg = Debug|Any CPU
		{C120AA82-DCE0-4C43-8AD5-4E791814AB41}.Debug|Any CPU.Build.0 = Debug|Any CPU
		{C120AA82-DCE0-4C43-8AD5-4E791814AB41}.Debug|ARM.ActiveCfg = Debug|Any CPU
		{C120AA82-DCE0-4C43-8AD5-4E791814AB41}.Debug|x64.ActiveCfg = Debug|Any CPU
		{C120AA82-DCE0-4C43-8AD5-4E791814AB41}.Debug|x86.ActiveCfg = Debug|Any CPU
		{C120AA82-DCE0-4C43-8AD5-4E791814AB41}.Release|Any CPU.ActiveCfg = Release|Any CPU
		{C120AA82-DCE0-4C43-8AD5-4E791814AB41}.Release|Any CPU.Build.0 = Release|Any CPU
		{C120AA82-DCE0-4C43-8AD5-4E791814AB41}.Release|ARM.ActiveCfg = Release|Any CPU
		{C120AA82-DCE0-4C43-8AD5-4E791814AB41}.Release|x64.ActiveCfg = Release|Any CPU
		{C120AA82-DCE0-4C43-8AD5-4E791814AB41}.Release|x86.ActiveCfg = Release|Any CPU
		{E0F530B2-44B9-4EED-8CFD-1019EE86D475}.Debug|Any CPU.ActiveCfg = Debug|ARM
		{E0F530B2-44B9-4EED-8CFD-1019EE86D475}.Debug|Any CPU.Build.0 = Debug|ARM
		{E0F530B2-44B9-4EED-8CFD-1019EE86D475}.Debug|Any CPU.Deploy.0 = Debug|ARM
		{E0F530B2-44B9-4EED-8CFD-1019EE86D475}.Debug|ARM.ActiveCfg = Debug|ARM
		{E0F530B2-44B9-4EED-8CFD-1019EE86D475}.Debug|ARM.Build.0 = Debug|ARM
		{E0F530B2-44B9-4EED-8CFD-1019EE86D475}.Debug|ARM.Deploy.0 = Debug|ARM
		{E0F530B2-44B9-4EED-8CFD-1019EE86D475}.Debug|x64.ActiveCfg = Debug|Any CPU
		{E0F530B2-44B9-4EED-8CFD-1019EE86D475}.Debug|x86.ActiveCfg = Debug|x86
		{E0F530B2-44B9-4EED-8CFD-1019EE86D475}.Debug|x86.Build.0 = Debug|x86
		{E0F530B2-44B9-4EED-8CFD-1019EE86D475}.Debug|x86.Deploy.0 = Debug|x86
		{E0F530B2-44B9-4EED-8CFD-1019EE86D475}.Release|Any CPU.ActiveCfg = Release|Any CPU
		{E0F530B2-44B9-4EED-8CFD-1019EE86D475}.Release|Any CPU.Build.0 = Release|Any CPU
		{E0F530B2-44B9-4EED-8CFD-1019EE86D475}.Release|Any CPU.Deploy.0 = Release|Any CPU
		{E0F530B2-44B9-4EED-8CFD-1019EE86D475}.Release|ARM.ActiveCfg = Release|ARM
		{E0F530B2-44B9-4EED-8CFD-1019EE86D475}.Release|ARM.Build.0 = Release|ARM
		{E0F530B2-44B9-4EED-8CFD-1019EE86D475}.Release|ARM.Deploy.0 = Release|ARM
		{E0F530B2-44B9-4EED-8CFD-1019EE86D475}.Release|x64.ActiveCfg = Release|Any CPU
		{E0F530B2-44B9-4EED-8CFD-1019EE86D475}.Release|x86.ActiveCfg = Release|x86
		{E0F530B2-44B9-4EED-8CFD-1019EE86D475}.Release|x86.Build.0 = Release|x86
		{E0F530B2-44B9-4EED-8CFD-1019EE86D475}.Release|x86.Deploy.0 = Release|x86
		{60B66BF6-BDD3-45F8-8821-02F844CE44C1}.Debug|Any CPU.ActiveCfg = Debug|Any CPU
		{60B66BF6-BDD3-45F8-8821-02F844CE44C1}.Debug|Any CPU.Build.0 = Debug|Any CPU
		{60B66BF6-BDD3-45F8-8821-02F844CE44C1}.Debug|ARM.ActiveCfg = Debug|Any CPU
		{60B66BF6-BDD3-45F8-8821-02F844CE44C1}.Debug|x64.ActiveCfg = Debug|Any CPU
		{60B66BF6-BDD3-45F8-8821-02F844CE44C1}.Debug|x86.ActiveCfg = Debug|Any CPU
		{60B66BF6-BDD3-45F8-8821-02F844CE44C1}.Release|Any CPU.ActiveCfg = Release|Any CPU
		{60B66BF6-BDD3-45F8-8821-02F844CE44C1}.Release|Any CPU.Build.0 = Release|Any CPU
		{60B66BF6-BDD3-45F8-8821-02F844CE44C1}.Release|ARM.ActiveCfg = Release|Any CPU
		{60B66BF6-BDD3-45F8-8821-02F844CE44C1}.Release|x64.ActiveCfg = Release|Any CPU
		{60B66BF6-BDD3-45F8-8821-02F844CE44C1}.Release|x86.ActiveCfg = Release|Any CPU
		{A0D1CE26-A17B-4FDC-A10F-AC6FA27460B2}.Debug|Any CPU.ActiveCfg = Debug|x86
		{A0D1CE26-A17B-4FDC-A10F-AC6FA27460B2}.Debug|Any CPU.Build.0 = Debug|x86
		{A0D1CE26-A17B-4FDC-A10F-AC6FA27460B2}.Debug|Any CPU.Deploy.0 = Debug|x86
		{A0D1CE26-A17B-4FDC-A10F-AC6FA27460B2}.Debug|ARM.ActiveCfg = Debug|ARM
		{A0D1CE26-A17B-4FDC-A10F-AC6FA27460B2}.Debug|ARM.Build.0 = Debug|ARM
		{A0D1CE26-A17B-4FDC-A10F-AC6FA27460B2}.Debug|ARM.Deploy.0 = Debug|ARM
		{A0D1CE26-A17B-4FDC-A10F-AC6FA27460B2}.Debug|x64.ActiveCfg = Debug|x64
		{A0D1CE26-A17B-4FDC-A10F-AC6FA27460B2}.Debug|x64.Build.0 = Debug|x64
		{A0D1CE26-A17B-4FDC-A10F-AC6FA27460B2}.Debug|x64.Deploy.0 = Debug|x64
		{A0D1CE26-A17B-4FDC-A10F-AC6FA27460B2}.Debug|x86.ActiveCfg = Debug|x86
		{A0D1CE26-A17B-4FDC-A10F-AC6FA27460B2}.Debug|x86.Build.0 = Debug|x86
		{A0D1CE26-A17B-4FDC-A10F-AC6FA27460B2}.Debug|x86.Deploy.0 = Debug|x86
		{A0D1CE26-A17B-4FDC-A10F-AC6FA27460B2}.Release|Any CPU.ActiveCfg = Release|Any CPU
		{A0D1CE26-A17B-4FDC-A10F-AC6FA27460B2}.Release|Any CPU.Build.0 = Release|Any CPU
		{A0D1CE26-A17B-4FDC-A10F-AC6FA27460B2}.Release|Any CPU.Deploy.0 = Release|Any CPU
		{A0D1CE26-A17B-4FDC-A10F-AC6FA27460B2}.Release|ARM.ActiveCfg = Release|ARM
		{A0D1CE26-A17B-4FDC-A10F-AC6FA27460B2}.Release|ARM.Build.0 = Release|ARM
		{A0D1CE26-A17B-4FDC-A10F-AC6FA27460B2}.Release|ARM.Deploy.0 = Release|ARM
		{A0D1CE26-A17B-4FDC-A10F-AC6FA27460B2}.Release|x64.ActiveCfg = Release|x64
		{A0D1CE26-A17B-4FDC-A10F-AC6FA27460B2}.Release|x64.Build.0 = Release|x64
		{A0D1CE26-A17B-4FDC-A10F-AC6FA27460B2}.Release|x64.Deploy.0 = Release|x64
		{A0D1CE26-A17B-4FDC-A10F-AC6FA27460B2}.Release|x86.ActiveCfg = Release|x86
		{A0D1CE26-A17B-4FDC-A10F-AC6FA27460B2}.Release|x86.Build.0 = Release|x86
		{A0D1CE26-A17B-4FDC-A10F-AC6FA27460B2}.Release|x86.Deploy.0 = Release|x86
	EndGlobalSection
	GlobalSection(SolutionProperties) = preSolution
		HideSolutionNode = FALSE
	EndGlobalSection
	GlobalSection(NestedProjects) = preSolution
		{E8F496F1-5DF0-4C42-8AA2-2EC3EFBA93DC} = {7BBCB38D-F3DE-4AF4-8621-5249A3434D85}
		{DFB7021E-233E-4563-BF2D-7A96EF30E8B0} = {7BBCB38D-F3DE-4AF4-8621-5249A3434D85}
		{D4A26B80-5D08-4DCF-8EB7-20A6FB0478D4} = {7BBCB38D-F3DE-4AF4-8621-5249A3434D85}
		{C120AA82-DCE0-4C43-8AD5-4E791814AB41} = {7BBCB38D-F3DE-4AF4-8621-5249A3434D85}
		{E0F530B2-44B9-4EED-8CFD-1019EE86D475} = {2AF06A63-F61C-4B69-AAE7-D6E8523ABF5F}
		{60B66BF6-BDD3-45F8-8821-02F844CE44C1} = {7BBCB38D-F3DE-4AF4-8621-5249A3434D85}
		{A0D1CE26-A17B-4FDC-A10F-AC6FA27460B2} = {7C169A1A-58D4-43DA-8445-9901921C6E97}
	EndGlobalSection
EndGlobal
